{
  "name": "demo-workshopper",
  "version": "1.0.4",
  "lockfileVersion": 1,
  "requires": true,
  "dependencies": {
    "abbrev": {
      "version": "1.1.1",
      "resolved": "https://registry.npmjs.org/abbrev/-/abbrev-1.1.1.tgz",
      "integrity": "sha512-nne9/IiQ/hzIhY6pdDnbBtz7DjPTKrY00P/zvPSm5pOFkl6xuGrGnXn/VtTNNfNtAfZ9/1RtehkszU9qcTii0Q=="
    },
    "accept": {
      "version": "1.1.0",
      "resolved": "https://registry.npmjs.org/accept/-/accept-1.1.0.tgz",
      "integrity": "sha1-x7VWfJmt5Kx8k38qm8HFZhYKMLU=",
      "requires": {
        "boom": "2.10.1",
        "hoek": "2.16.3"
      }
    },
    "after": {
      "version": "0.8.2",
      "resolved": "https://registry.npmjs.org/after/-/after-0.8.2.tgz",
      "integrity": "sha1-/ts5T58OAqqXaOcCvaI7UF+ufh8="
    },
    "ansi-styles": {
      "version": "1.0.0",
      "resolved": "https://registry.npmjs.org/ansi-styles/-/ansi-styles-1.0.0.tgz",
      "integrity": "sha1-yxAt8cVvUSPquLZ817mAJ6AnkXg="
    },
    "ansicolors": {
      "version": "0.2.1",
      "resolved": "https://registry.npmjs.org/ansicolors/-/ansicolors-0.2.1.tgz",
      "integrity": "sha1-vgiVmQl7dKXJxKhKDNvNtivYeu8="
    },
    "b64": {
      "version": "2.0.1",
      "resolved": "https://registry.npmjs.org/b64/-/b64-2.0.1.tgz",
      "integrity": "sha1-0IwQcZcZ/x/htTKuSSaUCc4UnOk=",
      "requires": {
        "hoek": "2.16.3"
      }
    },
    "bl": {
      "version": "0.8.2",
      "resolved": "https://registry.npmjs.org/bl/-/bl-0.8.2.tgz",
      "integrity": "sha1-yba8oI0bwuoA/Ir7Txpf0eHGbk4=",
      "requires": {
        "readable-stream": "1.0.34"
      }
    },
    "boom": {
      "version": "2.10.1",
      "resolved": "https://registry.npmjs.org/boom/-/boom-2.10.1.tgz",
      "integrity": "sha1-OciRjO/1eZ+D+UkqhI9iWt0Mdm8=",
      "requires": {
        "hoek": "2.16.3"
      }
    },
    "bossy": {
      "version": "1.0.3",
      "resolved": "https://registry.npmjs.org/bossy/-/bossy-1.0.3.tgz",
      "integrity": "sha1-p9JHiuDC33X0cJi5ute9ZB7tX68=",
      "requires": {
        "hoek": "2.16.3"
      }
    },
    "call": {
      "version": "1.0.0",
      "resolved": "https://registry.npmjs.org/call/-/call-1.0.0.tgz",
      "integrity": "sha1-765/nfEO6qbPaheeEIYi5+9ccME=",
      "requires": {
        "boom": "2.10.1",
        "hoek": "2.16.3"
      }
    },
    "cardinal": {
      "version": "0.5.0",
      "resolved": "https://registry.npmjs.org/cardinal/-/cardinal-0.5.0.tgz",
      "integrity": "sha1-ANX2YdvUqr/ffUHOSKWlm8o1opE=",
      "requires": {
        "ansicolors": "0.2.1",
        "redeyed": "0.5.0"
      }
    },
    "catbox": {
      "version": "3.4.3",
      "resolved": "https://registry.npmjs.org/catbox/-/catbox-3.4.3.tgz",
      "integrity": "sha1-TGacDuHcLy8NYjMZbA+KwuDg6kM=",
      "requires": {
        "boom": "2.10.1",
        "hoek": "2.16.3"
      }
    },
    "catbox-memory": {
      "version": "1.1.2",
      "resolved": "https://registry.npmjs.org/catbox-memory/-/catbox-memory-1.1.2.tgz",
      "integrity": "sha1-M8kYOjKzGUXuikhNDjw8u4Lq7Bo=",
      "requires": {
        "hoek": "2.16.3"
      }
    },
    "chalk": {
      "version": "0.4.0",
      "resolved": "https://registry.npmjs.org/chalk/-/chalk-0.4.0.tgz",
      "integrity": "sha1-UZmj3c0MHv4jvAjBsCewYXbgxk8=",
      "requires": {
        "ansi-styles": "1.0.0",
        "has-color": "0.1.7",
        "strip-ansi": "0.1.1"
      }
    },
    "charm": {
      "version": "0.1.2",
      "resolved": "https://registry.npmjs.org/charm/-/charm-0.1.2.tgz",
      "integrity": "sha1-BsIe7RobBq62dVPNxT4jJ0usIpY="
    },
    "colors": {
      "version": "1.0.3",
      "resolved": "https://registry.npmjs.org/colors/-/colors-1.0.3.tgz",
      "integrity": "sha1-BDP0TYCWgP3rYO0mDxsMJi6CpAs="
    },
    "colors-tmpl": {
      "version": "1.0.0",
      "resolved": "https://registry.npmjs.org/colors-tmpl/-/colors-tmpl-1.0.0.tgz",
      "integrity": "sha1-tgrEr4FlVdnt8a0kczfrMCQbbS4=",
      "requires": {
        "colors": "1.0.3"
      }
    },
    "content": {
      "version": "1.0.2",
      "resolved": "https://registry.npmjs.org/content/-/content-1.0.2.tgz",
      "integrity": "sha1-y37fMq/vF8SKz9vSH/mMIzFa6CQ=",
      "requires": {
        "boom": "2.10.1",
        "hoek": "2.16.3"
      }
    },
    "core-util-is": {
      "version": "1.0.2",
      "resolved": "https://registry.npmjs.org/core-util-is/-/core-util-is-1.0.2.tgz",
      "integrity": "sha1-tf1UIgqivFq1eqtxQMlAdUUDwac="
    },
    "cryptiles": {
      "version": "2.0.5",
      "resolved": "https://registry.npmjs.org/cryptiles/-/cryptiles-2.0.5.tgz",
      "integrity": "sha1-O9/s3GCBR8HGcgL6KR59ylnqo7g=",
      "requires": {
        "boom": "2.10.1"
      }
    },
    "duplexer": {
      "version": "0.1.1",
      "resolved": "https://registry.npmjs.org/duplexer/-/duplexer-0.1.1.tgz",
      "integrity": "sha1-rOb/gIwc5mtX0ev5eXessCM0z8E="
    },
    "esprima-fb": {
      "version": "12001.1.0-dev-harmony-fb",
      "resolved": "https://registry.npmjs.org/esprima-fb/-/esprima-fb-12001.1.0-dev-harmony-fb.tgz",
      "integrity": "sha1-2EQAOEupXOJnjGF60kp/QICNqRU="
    },
    "h2o2": {
      "version": "1.0.1",
      "resolved": "https://registry.npmjs.org/h2o2/-/h2o2-1.0.1.tgz",
      "integrity": "sha1-cxWCtxpbnf9JrRJzkDSbDF6t3RU=",
      "requires": {
        "boom": "2.10.1",
        "hoek": "2.16.3",
        "joi": "4.9.0",
        "statehood": "1.2.0",
        "wreck": "5.6.1"
      }
    },
    "hapi": {
      "version": "6.11.1",
      "resolved": "https://registry.npmjs.org/hapi/-/hapi-6.11.1.tgz",
      "integrity": "sha1-x6bp2BQgNnRzt/ZwGBWKKMOp2Mw=",
      "requires": {
        "accept": "1.1.0",
        "boom": "2.10.1",
        "bossy": "1.0.3",
        "call": "1.0.0",
        "catbox": "3.4.3",
        "catbox-memory": "1.1.2",
        "cryptiles": "2.0.5",
        "h2o2": "1.0.1",
        "heavy": "1.0.0",
        "hoek": "2.16.3",
        "iron": "2.1.3",
        "items": "1.1.1",
        "joi": "4.9.0",
        "kilt": "1.1.1",
        "lru-cache": "2.5.2",
        "mimos": "1.0.1",
        "qs": "2.4.2",
        "semver": "2.3.2",
        "shot": "1.7.0",
        "statehood": "1.2.0",
        "subtext": "1.1.1",
        "topo": "1.1.0",
        "vision": "1.2.2",
        "wreck": "5.6.1"
      }
    },
    "has-color": {
      "version": "0.1.7",
      "resolved": "https://registry.npmjs.org/has-color/-/has-color-0.1.7.tgz",
      "integrity": "sha1-ZxRKUmDDT8PMpnfQQdr1L+e3iy8="
    },
    "heavy": {
      "version": "1.0.0",
      "resolved": "https://registry.npmjs.org/heavy/-/heavy-1.0.0.tgz",
      "integrity": "sha1-uj6E5NPEDyeh3fp3/N8RSHSewJU=",
      "requires": {
        "hoek": "2.16.3",
        "joi": "4.9.0"
      }
    },
    "hoek": {
      "version": "2.16.3",
      "resolved": "https://registry.npmjs.org/hoek/-/hoek-2.16.3.tgz",
      "integrity": "sha1-ILt0A9POo5jpHcRxCo/xuCdKJe0="
    },
    "hyperquest": {
      "version": "0.1.8",
      "resolved": "https://registry.npmjs.org/hyperquest/-/hyperquest-0.1.8.tgz",
      "integrity": "sha1-mtclDTey3cKAXBGTAj6yBrcc8qM=",
      "requires": {
        "duplexer": "0.1.1",
        "through": "2.2.7"
      }
    },
    "inherits": {
      "version": "2.0.3",
      "resolved": "https://registry.npmjs.org/inherits/-/inherits-2.0.3.tgz",
      "integrity": "sha1-Yzwsg+PaQqUC9SRmAiSA9CCCYd4="
    },
    "iron": {
      "version": "2.1.3",
      "resolved": "https://registry.npmjs.org/iron/-/iron-2.1.3.tgz",
      "integrity": "sha1-cbjzV9gGquA6kKdFuaqv/sfi3eQ=",
      "requires": {
        "boom": "2.10.1",
        "cryptiles": "2.0.5",
        "hoek": "2.16.3"
      }
    },
    "isarray": {
      "version": "0.0.1",
      "resolved": "https://registry.npmjs.org/isarray/-/isarray-0.0.1.tgz",
      "integrity": "sha1-ihis/Kmo9Bd+Cav8YDiTmwXR7t8="
    },
    "isemail": {
      "version": "1.2.0",
      "resolved": "https://registry.npmjs.org/isemail/-/isemail-1.2.0.tgz",
      "integrity": "sha1-vgPfjMPineTSxd9lASY/H6RZXpo="
    },
    "items": {
      "version": "1.1.1",
      "resolved": "https://registry.npmjs.org/items/-/items-1.1.1.tgz",
      "integrity": "sha1-Q1td0hvKKLPP0lu1xrJ4txUBD9k="
    },
    "joi": {
      "version": "4.9.0",
      "resolved": "https://registry.npmjs.org/joi/-/joi-4.9.0.tgz",
      "integrity": "sha1-I1UCM2MInKAbwf0HnnKUn5d7qto=",
      "requires": {
        "hoek": "2.16.3",
        "isemail": "1.2.0",
        "moment": "2.19.1",
        "topo": "1.1.0"
      }
    },
    "kilt": {
      "version": "1.1.1",
      "resolved": "https://registry.npmjs.org/kilt/-/kilt-1.1.1.tgz",
      "integrity": "sha1-d7SmFjyn+lshN6iMFzNCFuwj1ds=",
      "requires": {
        "hoek": "2.16.3"
      }
    },
    "lru-cache": {
      "version": "2.5.2",
      "resolved": "https://registry.npmjs.org/lru-cache/-/lru-cache-2.5.2.tgz",
      "integrity": "sha1-H92tk4quEmPOE4aAvhs/WRwKtBw="
    },
    "map-async": {
      "version": "0.1.1",
      "resolved": "https://registry.npmjs.org/map-async/-/map-async-0.1.1.tgz",
      "integrity": "sha1-yJfARJ+Fhkx0taPxlu20IVZDF0U="
    },
    "marked": {
      "version": "0.3.6",
      "resolved": "https://registry.npmjs.org/marked/-/marked-0.3.6.tgz",
      "integrity": "sha1-ssbGGPzOzk74bE/Gy4p8v1rtqNc="
    },
    "mime-db": {
      "version": "1.31.0",
      "resolved": "https://registry.npmjs.org/mime-db/-/mime-db-1.31.0.tgz",
      "integrity": "sha512-oB3w9lx50CMd6nfonoV5rBRUbJtjMifUHaFb5MfzjC8ksAIfVjT0BsX46SjjqBz7n9JGTrTX3paIeLSK+rS5fQ=="
    },
    "mimos": {
      "version": "1.0.1",
      "resolved": "https://registry.npmjs.org/mimos/-/mimos-1.0.1.tgz",
      "integrity": "sha1-puLAfWZYis5+jCuXMp61cmH1e/o=",
      "requires": {
        "hoek": "2.16.3",
        "mime-db": "1.31.0"
      }
    },
    "minimist": {
      "version": "0.0.10",
      "resolved": "https://registry.npmjs.org/minimist/-/minimist-0.0.10.tgz",
      "integrity": "sha1-3j+YVD2/lggr5IrRoMfNqDYwHc8="
    },
    "mkdirp": {
      "version": "0.3.5",
      "resolved": "https://registry.npmjs.org/mkdirp/-/mkdirp-0.3.5.tgz",
      "integrity": "sha1-3j5fiWHIjHh+4TaN+EmsRBPsqNc="
    },
    "moment": {
      "version": "2.19.1",
      "resolved": "https://registry.npmjs.org/moment/-/moment-2.19.1.tgz",
      "integrity": "sha1-VtoaLRy/AdOLfhr8McELz6GSkWc="
    },
    "msee": {
      "version": "0.1.2",
      "resolved": "https://registry.npmjs.org/msee/-/msee-0.1.2.tgz",
      "integrity": "sha1-8tHiDvlLjNRSQ/LVyBfpcUPwKG0=",
      "requires": {
        "cardinal": "0.5.0",
        "chalk": "0.4.0",
        "marked": "0.3.6",
        "nopt": "2.1.2",
        "xtend": "2.1.2"
      }
    },
    "nigel": {
      "version": "1.0.1",
      "resolved": "https://registry.npmjs.org/nigel/-/nigel-1.0.1.tgz",
      "integrity": "sha1-RjmJr4gSePuqHTzJOCPb0XtDYKE=",
      "requires": {
        "hoek": "2.16.3",
        "vise": "1.0.0"
      }
    },
    "nopt": {
      "version": "2.1.2",
      "resolved": "https://registry.npmjs.org/nopt/-/nopt-2.1.2.tgz",
      "integrity": "sha1-bMzZd7gBMqB3MdbozljCyDA8+a8=",
      "requires": {
        "abbrev": "1.1.1"
      }
    },
    "object-keys": {
      "version": "0.4.0",
      "resolved": "https://registry.npmjs.org/object-keys/-/object-keys-0.4.0.tgz",
      "integrity": "sha1-KKaq50KN0sOpLz2V8hM13SBOAzY="
    },
    "optimist": {
      "version": "0.6.1",
      "resolved": "https://registry.npmjs.org/optimist/-/optimist-0.6.1.tgz",
      "integrity": "sha1-2j6nRob6IaGaERwybpDrFaAZZoY=",
      "requires": {
        "minimist": "0.0.10",
        "wordwrap": "0.0.3"
      }
    },
    "pez": {
      "version": "1.0.0",
      "resolved": "https://registry.npmjs.org/pez/-/pez-1.0.0.tgz",
      "integrity": "sha1-hEMYpc5wku7d/6KV4YB5rHefoBg=",
      "requires": {
        "b64": "2.0.1",
        "boom": "2.10.1",
        "content": "1.0.2",
        "hoek": "2.16.3",
        "nigel": "1.0.1"
      }
    },
    "qs": {
      "version": "2.4.2",
      "resolved": "https://registry.npmjs.org/qs/-/qs-2.4.2.tgz",
      "integrity": "sha1-9854jld33wtQENp/fE5zujJHD1o="
    },
    "readable-stream": {
      "version": "1.0.34",
      "resolved": "https://registry.npmjs.org/readable-stream/-/readable-stream-1.0.34.tgz",
      "integrity": "sha1-Elgg40vIQtLyqq+v5MKRbuMsFXw=",
      "requires": {
        "core-util-is": "1.0.2",
        "inherits": "2.0.3",
        "isarray": "0.0.1",
        "string_decoder": "0.10.31"
      }
    },
    "redeyed": {
      "version": "0.5.0",
      "resolved": "https://registry.npmjs.org/redeyed/-/redeyed-0.5.0.tgz",
      "integrity": "sha1-erAA5g7jh1rBFdKe2zLBQDxsJdE=",
      "requires": {
        "esprima-fb": "12001.1.0-dev-harmony-fb"
      }
    },
    "resumer": {
      "version": "0.0.0",
      "resolved": "https://registry.npmjs.org/resumer/-/resumer-0.0.0.tgz",
      "integrity": "sha1-8ej0YeQGS6Oegq883CqMiT0HZ1k=",
      "requires": {
        "through": "2.3.8"
      },
      "dependencies": {
        "through": {
          "version": "2.3.8",
          "resolved": "https://registry.npmjs.org/through/-/through-2.3.8.tgz",
          "integrity": "sha1-DdTJ/6q8NXlgsbckEV1+Doai4fU="
        }
      }
    },
    "semver": {
      "version": "2.3.2",
      "resolved": "https://registry.npmjs.org/semver/-/semver-2.3.2.tgz",
      "integrity": "sha1-uYSPJdbPNjMwc+ye+IVtQvEjPlI="
    },
    "shot": {
      "version": "1.7.0",
      "resolved": "https://registry.npmjs.org/shot/-/shot-1.7.0.tgz",
      "integrity": "sha1-8jKdfvM6/PA9RM5Bq66BSK4XBTI=",
      "requires": {
        "hoek": "2.16.3"
      }
    },
    "split": {
      "version": "0.3.3",
      "resolved": "https://registry.npmjs.org/split/-/split-0.3.3.tgz",
      "integrity": "sha1-zQ7qXmOiEd//frDwkcQTPi0N0o8=",
      "requires": {
        "through": "2.2.7"
      }
    },
    "statehood": {
      "version": "1.2.0",
      "resolved": "https://registry.npmjs.org/statehood/-/statehood-1.2.0.tgz",
      "integrity": "sha1-hFiBHGDIsyssrB7p//CxzwjHNPw=",
      "requires": {
        "boom": "2.10.1",
        "cryptiles": "2.0.5",
        "hoek": "2.16.3",
        "iron": "2.1.3",
        "items": "1.1.1"
      }
    },
    "string_decoder": {
      "version": "0.10.31",
      "resolved": "https://registry.npmjs.org/string_decoder/-/string_decoder-0.10.31.tgz",
      "integrity": "sha1-YuIDvEF2bGwoyfyEMB2rHFMQ+pQ="
    },
    "strip-ansi": {
      "version": "0.1.1",
      "resolved": "https://registry.npmjs.org/strip-ansi/-/strip-ansi-0.1.1.tgz",
      "integrity": "sha1-OeipjQRNFQZgq+SmgIrPcLt7yZE="
    },
    "subtext": {
      "version": "1.1.1",
      "resolved": "https://registry.npmjs.org/subtext/-/subtext-1.1.1.tgz",
      "integrity": "sha1-DJGCWuZdUXhVWT2DHjPvdaKEFWs=",
      "requires": {
        "boom": "2.10.1",
        "content": "1.0.2",
        "hoek": "2.16.3",
        "pez": "1.0.0",
        "qs": "4.0.0",
        "wreck": "6.3.0"
      },
      "dependencies": {
        "qs": {
          "version": "4.0.0",
          "resolved": "https://registry.npmjs.org/qs/-/qs-4.0.0.tgz",
          "integrity": "sha1-wx2bdOwn33XlQ6hseHKO2NRiNgc="
        },
        "wreck": {
          "version": "6.3.0",
          "resolved": "https://registry.npmjs.org/wreck/-/wreck-6.3.0.tgz",
          "integrity": "sha1-oTaXafB7u2LWo3gzanhx/Hc8dAs=",
          "requires": {
            "boom": "2.10.1",
            "hoek": "2.16.3"
          }
        }
      }
    },
    "terminal-menu": {
      "version": "0.3.5",
      "resolved": "https://registry.npmjs.org/terminal-menu/-/terminal-menu-0.3.5.tgz",
      "integrity": "sha1-78cqTpCNEEc5Pf7YOlVWREVDr8A=",
      "requires": {
        "charm": "0.1.2",
        "inherits": "2.0.3",
        "resumer": "0.0.0",
        "visualwidth": "0.0.1"
      }
    },
    "through": {
      "version": "2.2.7",
      "resolved": "https://registry.npmjs.org/through/-/through-2.2.7.tgz",
      "integrity": "sha1-bo4hIAGR1OtqmfbwEN9Gqhxusr0="
    },
    "through2": {
      "version": "0.4.2",
      "resolved": "https://registry.npmjs.org/through2/-/through2-0.4.2.tgz",
      "integrity": "sha1-2/WGYDEVHsg1K7bE22SiKSqEC5s=",
      "requires": {
        "readable-stream": "1.0.34",
        "xtend": "2.1.2"
      }
    },
    "topo": {
      "version": "1.1.0",
      "resolved": "https://registry.npmjs.org/topo/-/topo-1.1.0.tgz",
      "integrity": "sha1-6ddRYV0buH3IZdsYL6HKCl71NtU=",
      "requires": {
        "hoek": "2.16.3"
      }
    },
    "tuple-stream": {
      "version": "0.0.2",
      "resolved": "https://registry.npmjs.org/tuple-stream/-/tuple-stream-0.0.2.tgz",
      "integrity": "sha1-+R9vsbr94evXl89gAzeOvDhwuTM=",
      "requires": {
        "through": "2.3.8"
      },
      "dependencies": {
        "through": {
          "version": "2.3.8",
          "resolved": "https://registry.npmjs.org/through/-/through-2.3.8.tgz",
          "integrity": "sha1-DdTJ/6q8NXlgsbckEV1+Doai4fU="
        }
      }
    },
    "vise": {
      "version": "1.0.0",
      "resolved": "https://registry.npmjs.org/vise/-/vise-1.0.0.tgz",
      "integrity": "sha1-KDRb5N5aNB4V/SgW/Z6j5zA+jfM=",
      "requires": {
        "hoek": "2.16.3"
      }
    },
    "vision": {
      "version": "1.2.2",
      "resolved": "https://registry.npmjs.org/vision/-/vision-1.2.2.tgz",
      "integrity": "sha1-3lKPPINgyIJD13+D2228YTrsUWE=",
      "requires": {
        "boom": "2.10.1",
        "hoek": "2.16.3",
        "joi": "4.9.0"
      }
    },
    "visualwidth": {
      "version": "0.0.1",
      "resolved": "https://registry.npmjs.org/visualwidth/-/visualwidth-0.0.1.tgz",
      "integrity": "sha1-I3Z1q5pyEVY5JrpjMJRYx9qRWrc="
    },
    "wordwrap": {
      "version": "0.0.3",
      "resolved": "https://registry.npmjs.org/wordwrap/-/wordwrap-0.0.3.tgz",
      "integrity": "sha1-o9XabNXAvAAI03I0u68b7WMFkQc="
    },
    "workshopper": {
      "version": "1.4.1",
      "resolved": "https://registry.npmjs.org/workshopper/-/workshopper-1.4.1.tgz",
      "integrity": "sha1-gCjYT9mxqmMVg+BFP5Al2XNCDJk=",
      "requires": {
        "chalk": "0.4.0",
        "colors-tmpl": "0.1.1",
        "map-async": "0.1.1",
        "mkdirp": "0.3.5",
        "msee": "0.1.2",
        "optimist": "0.6.1",
        "terminal-menu": "0.3.5",
        "visualwidth": "0.0.1",
        "xtend": "3.0.0"
      },
      "dependencies": {
        "colors": {
          "version": "0.6.2",
          "resolved": "https://registry.npmjs.org/colors/-/colors-0.6.2.tgz",
          "integrity": "sha1-JCP+ZnisDF2uiFLl0OW+CMmXq8w="
        },
        "colors-tmpl": {
          "version": "0.1.1",
          "resolved": "https://registry.npmjs.org/colors-tmpl/-/colors-tmpl-0.1.1.tgz",
          "integrity": "sha1-F+n5rYBceS/6OsagSctzJ9llt/4=",
          "requires": {
            "colors": "0.6.2"
          }
        },
        "xtend": {
          "version": "3.0.0",
          "resolved": "https://registry.npmjs.org/xtend/-/xtend-3.0.0.tgz",
          "integrity": "sha1-XM50B7r2Qsunvs2laBEcST9ZZlo="
        }
      }
    },
    "workshopper-boilerplate": {
      "version": "0.0.1",
      "resolved": "https://registry.npmjs.org/workshopper-boilerplate/-/workshopper-boilerplate-0.0.1.tgz",
      "integrity": "sha1-Inu1G+1MYCT52kwFdBfnKQcBBmA=",
      "requires": {
        "after": "0.8.2"
      }
    },
    "workshopper-exercise": {
      "version": "0.2.3",
      "resolved": "https://registry.npmjs.org/workshopper-exercise/-/workshopper-exercise-0.2.3.tgz",
      "integrity": "sha1-KCQFiEkOfy3i//kl4Gt4EK8Z+Ww=",
      "requires": {
        "after": "0.8.2",
        "chalk": "0.4.0",
        "split": "0.3.3",
        "through2": "0.4.2",
        "tuple-stream": "0.0.2",
        "xtend": "2.1.2"
      }
    },
    "workshopper-wrappedexec": {
      "version": "0.1.3",
      "resolved": "https://registry.npmjs.org/workshopper-wrappedexec/-/workshopper-wrappedexec-0.1.3.tgz",
      "integrity": "sha1-Ld4VDBqJjwjmKc+EF/t58gVpvdE=",
      "requires": {
        "after": "0.8.2",
        "xtend": "2.1.2"
      }
    },
    "wreck": {
      "version": "5.6.1",
      "resolved": "https://registry.npmjs.org/wreck/-/wreck-5.6.1.tgz",
      "integrity": "sha1-r/ADBAATiJ11YZtccYcN0qjdBpo=",
      "requires": {
        "boom": "2.10.1",
        "hoek": "2.16.3"
      }
    },
    "xtend": {
      "version": "2.1.2",
      "resolved": "https://registry.npmjs.org/xtend/-/xtend-2.1.2.tgz",
      "integrity": "sha1-bv7MKk2tjmlixJAbM3znuoe10os=",
      "requires": {
        "object-keys": "0.4.0"
      }
    }
  }
}
